
Microsoft Visual Studio Solution File, Format Version 12.00
# Visual Studio 15
VisualStudioVersion = 15.0.27703.2047
MinimumVisualStudioVersion = 10.0.40219.1
Project("{FAE04EC0-301F-11D3-BF4B-00C04F79EFBC}") = "Day1_DoubleDownOnDataTypes", "30DaysOfCode\Day1_DoubleDownOnDataTypes.csproj", "{5BE58CF7-83F6-47B1-9A73-B9A69C69AC1A}"
EndProject
Project("{FAE04EC0-301F-11D3-BF4B-00C04F79EFBC}") = "Day2_OperatorOverlord", "Day2_OperatorOverlord\Day2_OperatorOverlord.csproj", "{C27FBD76-3EE8-462B-B136-60C855B4839B}"
EndProject
Project("{FAE04EC0-301F-11D3-BF4B-00C04F79EFBC}") = "Day3_ConquerConditionals", "Day3_ConquerConditionals\Day3_ConquerConditionals.csproj", "{7CA422FC-122F-4D93-93C8-12E5B0C8F0B0}"
EndProject
Project("{FAE04EC0-301F-11D3-BF4B-00C04F79EFBC}") = "Day4_ClassVsInstance", "Day4_ClassVsInstance\Day4_ClassVsInstance.csproj", "{09B49FBC-07C6-4A37-B1D1-040D294FED63}"
EndProject
Project("{FAE04EC0-301F-11D3-BF4B-00C04F79EFBC}") = "Day5_InTheLoop", "Day5_InTheLoop\Day5_InTheLoop.csproj", "{4EF876BF-F888-4E66-BF70-69614EB9379C}"
EndProject
Project("{FAE04EC0-301F-11D3-BF4B-00C04F79EFBC}") = "Day6_LetsReview", "Day6_LetsReview\Day6_LetsReview.csproj", "{79F567FE-8DFE-4D0C-84B5-B2D9DC33593E}"
EndProject
Global
	GlobalSection(SolutionConfigurationPlatforms) = preSolution
		Debug|Any CPU = Debug|Any CPU
		Release|Any CPU = Release|Any CPU
	EndGlobalSection
	GlobalSection(ProjectConfigurationPlatforms) = postSolution
		{5BE58CF7-83F6-47B1-9A73-B9A69C69AC1A}.Debug|Any CPU.ActiveCfg = Debug|Any CPU
		{5BE58CF7-83F6-47B1-9A73-B9A69C69AC1A}.Debug|Any CPU.Build.0 = Debug|Any CPU
		{5BE58CF7-83F6-47B1-9A73-B9A69C69AC1A}.Release|Any CPU.ActiveCfg = Release|Any CPU
		{5BE58CF7-83F6-47B1-9A73-B9A69C69AC1A}.Release|Any CPU.Build.0 = Release|Any CPU
		{C27FBD76-3EE8-462B-B136-60C855B4839B}.Debug|Any CPU.ActiveCfg = Debug|Any CPU
		{C27FBD76-3EE8-462B-B136-60C855B4839B}.Debug|Any CPU.Build.0 = Debug|Any CPU
		{C27FBD76-3EE8-462B-B136-60C855B4839B}.Release|Any CPU.ActiveCfg = Release|Any CPU
		{C27FBD76-3EE8-462B-B136-60C855B4839B}.Release|Any CPU.Build.0 = Release|Any CPU
		{7CA422FC-122F-4D93-93C8-12E5B0C8F0B0}.Debug|Any CPU.ActiveCfg = Debug|Any CPU
		{7CA422FC-122F-4D93-93C8-12E5B0C8F0B0}.Debug|Any CPU.Build.0 = Debug|Any CPU
		{7CA422FC-122F-4D93-93C8-12E5B0C8F0B0}.Release|Any CPU.ActiveCfg = Release|Any CPU
		{7CA422FC-122F-4D93-93C8-12E5B0C8F0B0}.Release|Any CPU.Build.0 = Release|Any CPU
		{09B49FBC-07C6-4A37-B1D1-040D294FED63}.Debug|Any CPU.ActiveCfg = Debug|Any CPU
		{09B49FBC-07C6-4A37-B1D1-040D294FED63}.Debug|Any CPU.Build.0 = Debug|Any CPU
		{09B49FBC-07C6-4A37-B1D1-040D294FED63}.Release|Any CPU.ActiveCfg = Release|Any CPU
		{09B49FBC-07C6-4A37-B1D1-040D294FED63}.Release|Any CPU.Build.0 = Release|Any CPU
		{4EF876BF-F888-4E66-BF70-69614EB9379C}.Debug|Any CPU.ActiveCfg = Debug|Any CPU
		{4EF876BF-F888-4E66-BF70-69614EB9379C}.Debug|Any CPU.Build.0 = Debug|Any CPU
		{4EF876BF-F888-4E66-BF70-69614EB9379C}.Release|Any CPU.ActiveCfg = Release|Any CPU
		{4EF876BF-F888-4E66-BF70-69614EB9379C}.Release|Any CPU.Build.0 = Release|Any CPU
		{79F567FE-8DFE-4D0C-84B5-B2D9DC33593E}.Debug|Any CPU.ActiveCfg = Debug|Any CPU
		{79F567FE-8DFE-4D0C-84B5-B2D9DC33593E}.Debug|Any CPU.Build.0 = Debug|Any CPU
		{79F567FE-8DFE-4D0C-84B5-B2D9DC33593E}.Release|Any CPU.ActiveCfg = Release|Any CPU
		{79F567FE-8DFE-4D0C-84B5-B2D9DC33593E}.Release|Any CPU.Build.0 = Release|Any CPU
	EndGlobalSection
	GlobalSection(SolutionProperties) = preSolution
		HideSolutionNode = FALSE
	EndGlobalSection
	GlobalSection(ExtensibilityGlobals) = postSolution
		SolutionGuid = {1F4D67EC-24BA-4717-BCA8-19263DF0606E}
	EndGlobalSection
EndGlobal
